
Microsoft Visual Studio Solution File, Format Version 11.00
# Visual Studio 2010
Project("{2150E333-8FDC-42A3-9474-1A3956D46DE8}") = "创建型", "创建型", "{F20E6803-65B5-4F3A-AA27-2681DBA9B16E}"
EndProject
Project("{8BC9CEB8-8B4A-11D0-8D11-00A0C91BC942}") = "FactoryMethod", "FactoryMethod\FactoryMethod.vcxproj", "{591126DD-201E-4CB2-B02F-7F366562BCAD}"
EndProject
Project("{8BC9CEB8-8B4A-11D0-8D11-00A0C91BC942}") = "Abstract Factory", "Abstract Factory\Abstract Factory.vcxproj", "{304ACCF5-72DF-4463-909D-3C6774FB950C}"
EndProject
Project("{8BC9CEB8-8B4A-11D0-8D11-00A0C91BC942}") = "Builder", "Builder\Builder.vcxproj", "{F0932AB2-B424-41EA-B814-45594B5D9E44}"
EndProject
Project("{8BC9CEB8-8B4A-11D0-8D11-00A0C91BC942}") = "Prototype", "Prototype\Prototype.vcxproj", "{1C31EF6C-9678-4750-ACE6-4CDCF6485A7A}"
EndProject
Project("{8BC9CEB8-8B4A-11D0-8D11-00A0C91BC942}") = "Singleton", "Singleton\Singleton.vcxproj", "{DAEE6686-2FE3-47FC-8676-0F3A32DCFFB2}"
EndProject
Project("{2150E333-8FDC-42A3-9474-1A3956D46DE8}") = "结构型", "结构型", "{7643EB74-A7A1-443B-8E9E-7F97CEC43BDD}"
EndProject
Project("{8BC9CEB8-8B4A-11D0-8D11-00A0C91BC942}") = "Adapter", "Adapter\Adapter.vcxproj", "{C07193AD-ACC4-4E2B-ADE7-11DEC7B693EC}"
EndProject
Project("{8BC9CEB8-8B4A-11D0-8D11-00A0C91BC942}") = "Bridge", "Bridge\Bridge.vcxproj", "{63EBBBB8-02BB-4E38-A61E-999C0AD1A1A2}"
EndProject
Project("{8BC9CEB8-8B4A-11D0-8D11-00A0C91BC942}") = "Composite", "Composite\Composite.vcxproj", "{7A1C30EF-105E-4CDC-9526-7EAA5490C3B7}"
EndProject
Project("{8BC9CEB8-8B4A-11D0-8D11-00A0C91BC942}") = "Decorate", "Decorate\Decorate.vcxproj", "{AC99AA25-EB38-459D-882B-66367A7F032C}"
EndProject
Project("{8BC9CEB8-8B4A-11D0-8D11-00A0C91BC942}") = "Facade", "Facade\Facade.vcxproj", "{972864EF-498B-4248-AF06-87A1F9820733}"
EndProject
Project("{8BC9CEB8-8B4A-11D0-8D11-00A0C91BC942}") = "Flyweight", "Flyweight\Flyweight.vcxproj", "{44E500A3-18D0-45D1-9585-ACB2F9AC46C0}"
EndProject
Project("{8BC9CEB8-8B4A-11D0-8D11-00A0C91BC942}") = "Proxy", "Proxy\Proxy.vcxproj", "{69FCE163-307A-42CB-B62F-EA7716D5E1B1}"
EndProject
Project("{2150E333-8FDC-42A3-9474-1A3956D46DE8}") = "行为型", "行为型", "{F2D90747-A8D6-41FE-A3ED-04AF8DBB7051}"
EndProject
Project("{8BC9CEB8-8B4A-11D0-8D11-00A0C91BC942}") = "Interpreter", "Interpreter\Interpreter.vcxproj", "{4FCA2757-0508-405D-8AD6-0DB30D445F43}"
EndProject
Project("{2150E333-8FDC-42A3-9474-1A3956D46DE8}") = "Solution Items", "Solution Items", "{5F76A1CD-5A8B-46ED-B199-27DBD2905005}"
	ProjectSection(SolutionItems) = preProject
		List.txt = List.txt
	EndProjectSection
EndProject
Project("{8BC9CEB8-8B4A-11D0-8D11-00A0C91BC942}") = "Template Method", "Template Method\Template Method.vcxproj", "{F3F42D1B-3336-4EA5-9328-7DDE61BDECB6}"
EndProject
Project("{8BC9CEB8-8B4A-11D0-8D11-00A0C91BC942}") = "Chain of Responsibility", "Chain of Responsibility\Chain of Responsibility.vcxproj", "{76FF4497-9C9D-4419-B210-2C1F3EC4E44A}"
EndProject
Project("{8BC9CEB8-8B4A-11D0-8D11-00A0C91BC942}") = "path", "path\path.vcxproj", "{F410948F-1D2B-4CF6-ADA0-B7151D8172C7}"
EndProject
Project("{8BC9CEB8-8B4A-11D0-8D11-00A0C91BC942}") = "Command", "Command\Command.vcxproj", "{E2473F0B-6C13-4F87-B322-FC7A1A09382A}"
EndProject
Project("{8BC9CEB8-8B4A-11D0-8D11-00A0C91BC942}") = "Iterator", "Iterator\Iterator.vcxproj", "{23CFEDF4-0792-40AF-9F39-BE47713725C2}"
EndProject
Global
	GlobalSection(SolutionConfigurationPlatforms) = preSolution
		Debug|Win32 = Debug|Win32
		Release|Win32 = Release|Win32
	EndGlobalSection
	GlobalSection(ProjectConfigurationPlatforms) = postSolution
		{591126DD-201E-4CB2-B02F-7F366562BCAD}.Debug|Win32.ActiveCfg = Debug|Win32
		{591126DD-201E-4CB2-B02F-7F366562BCAD}.Debug|Win32.Build.0 = Debug|Win32
		{591126DD-201E-4CB2-B02F-7F366562BCAD}.Release|Win32.ActiveCfg = Release|Win32
		{591126DD-201E-4CB2-B02F-7F366562BCAD}.Release|Win32.Build.0 = Release|Win32
		{304ACCF5-72DF-4463-909D-3C6774FB950C}.Debug|Win32.ActiveCfg = Debug|Win32
		{304ACCF5-72DF-4463-909D-3C6774FB950C}.Debug|Win32.Build.0 = Debug|Win32
		{304ACCF5-72DF-4463-909D-3C6774FB950C}.Release|Win32.ActiveCfg = Release|Win32
		{304ACCF5-72DF-4463-909D-3C6774FB950C}.Release|Win32.Build.0 = Release|Win32
		{F0932AB2-B424-41EA-B814-45594B5D9E44}.Debug|Win32.ActiveCfg = Debug|Win32
		{F0932AB2-B424-41EA-B814-45594B5D9E44}.Debug|Win32.Build.0 = Debug|Win32
		{F0932AB2-B424-41EA-B814-45594B5D9E44}.Release|Win32.ActiveCfg = Release|Win32
		{F0932AB2-B424-41EA-B814-45594B5D9E44}.Release|Win32.Build.0 = Release|Win32
		{1C31EF6C-9678-4750-ACE6-4CDCF6485A7A}.Debug|Win32.ActiveCfg = Debug|Win32
		{1C31EF6C-9678-4750-ACE6-4CDCF6485A7A}.Debug|Win32.Build.0 = Debug|Win32
		{1C31EF6C-9678-4750-ACE6-4CDCF6485A7A}.Release|Win32.ActiveCfg = Release|Win32
		{1C31EF6C-9678-4750-ACE6-4CDCF6485A7A}.Release|Win32.Build.0 = Release|Win32
		{DAEE6686-2FE3-47FC-8676-0F3A32DCFFB2}.Debug|Win32.ActiveCfg = Debug|Win32
		{DAEE6686-2FE3-47FC-8676-0F3A32DCFFB2}.Debug|Win32.Build.0 = Debug|Win32
		{DAEE6686-2FE3-47FC-8676-0F3A32DCFFB2}.Release|Win32.ActiveCfg = Release|Win32
		{DAEE6686-2FE3-47FC-8676-0F3A32DCFFB2}.Release|Win32.Build.0 = Release|Win32
		{C07193AD-ACC4-4E2B-ADE7-11DEC7B693EC}.Debug|Win32.ActiveCfg = Debug|Win32
		{C07193AD-ACC4-4E2B-ADE7-11DEC7B693EC}.Debug|Win32.Build.0 = Debug|Win32
		{C07193AD-ACC4-4E2B-ADE7-11DEC7B693EC}.Release|Win32.ActiveCfg = Release|Win32
		{C07193AD-ACC4-4E2B-ADE7-11DEC7B693EC}.Release|Win32.Build.0 = Release|Win32
		{63EBBBB8-02BB-4E38-A61E-999C0AD1A1A2}.Debug|Win32.ActiveCfg = Debug|Win32
		{63EBBBB8-02BB-4E38-A61E-999C0AD1A1A2}.Debug|Win32.Build.0 = Debug|Win32
		{63EBBBB8-02BB-4E38-A61E-999C0AD1A1A2}.Release|Win32.ActiveCfg = Release|Win32
		{63EBBBB8-02BB-4E38-A61E-999C0AD1A1A2}.Release|Win32.Build.0 = Release|Win32
		{7A1C30EF-105E-4CDC-9526-7EAA5490C3B7}.Debug|Win32.ActiveCfg = Debug|Win32
		{7A1C30EF-105E-4CDC-9526-7EAA5490C3B7}.Debug|Win32.Build.0 = Debug|Win32
		{7A1C30EF-105E-4CDC-9526-7EAA5490C3B7}.Release|Win32.ActiveCfg = Release|Win32
		{7A1C30EF-105E-4CDC-9526-7EAA5490C3B7}.Release|Win32.Build.0 = Release|Win32
		{AC99AA25-EB38-459D-882B-66367A7F032C}.Debug|Win32.ActiveCfg = Debug|Win32
		{AC99AA25-EB38-459D-882B-66367A7F032C}.Debug|Win32.Build.0 = Debug|Win32
		{AC99AA25-EB38-459D-882B-66367A7F032C}.Release|Win32.ActiveCfg = Release|Win32
		{AC99AA25-EB38-459D-882B-66367A7F032C}.Release|Win32.Build.0 = Release|Win32
		{972864EF-498B-4248-AF06-87A1F9820733}.Debug|Win32.ActiveCfg = Debug|Win32
		{972864EF-498B-4248-AF06-87A1F9820733}.Debug|Win32.Build.0 = Debug|Win32
		{972864EF-498B-4248-AF06-87A1F9820733}.Release|Win32.ActiveCfg = Release|Win32
		{972864EF-498B-4248-AF06-87A1F9820733}.Release|Win32.Build.0 = Release|Win32
		{44E500A3-18D0-45D1-9585-ACB2F9AC46C0}.Debug|Win32.ActiveCfg = Debug|Win32
		{44E500A3-18D0-45D1-9585-ACB2F9AC46C0}.Debug|Win32.Build.0 = Debug|Win32
		{44E500A3-18D0-45D1-9585-ACB2F9AC46C0}.Release|Win32.ActiveCfg = Release|Win32
		{44E500A3-18D0-45D1-9585-ACB2F9AC46C0}.Release|Win32.Build.0 = Release|Win32
		{69FCE163-307A-42CB-B62F-EA7716D5E1B1}.Debug|Win32.ActiveCfg = Debug|Win32
		{69FCE163-307A-42CB-B62F-EA7716D5E1B1}.Debug|Win32.Build.0 = Debug|Win32
		{69FCE163-307A-42CB-B62F-EA7716D5E1B1}.Release|Win32.ActiveCfg = Release|Win32
		{69FCE163-307A-42CB-B62F-EA7716D5E1B1}.Release|Win32.Build.0 = Release|Win32
		{4FCA2757-0508-405D-8AD6-0DB30D445F43}.Debug|Win32.ActiveCfg = Debug|Win32
		{4FCA2757-0508-405D-8AD6-0DB30D445F43}.Debug|Win32.Build.0 = Debug|Win32
		{4FCA2757-0508-405D-8AD6-0DB30D445F43}.Release|Win32.ActiveCfg = Release|Win32
		{4FCA2757-0508-405D-8AD6-0DB30D445F43}.Release|Win32.Build.0 = Release|Win32
		{F3F42D1B-3336-4EA5-9328-7DDE61BDECB6}.Debug|Win32.ActiveCfg = Debug|Win32
		{F3F42D1B-3336-4EA5-9328-7DDE61BDECB6}.Debug|Win32.Build.0 = Debug|Win32
		{F3F42D1B-3336-4EA5-9328-7DDE61BDECB6}.Release|Win32.ActiveCfg = Release|Win32
		{F3F42D1B-3336-4EA5-9328-7DDE61BDECB6}.Release|Win32.Build.0 = Release|Win32
		{76FF4497-9C9D-4419-B210-2C1F3EC4E44A}.Debug|Win32.ActiveCfg = Debug|Win32
		{76FF4497-9C9D-4419-B210-2C1F3EC4E44A}.Debug|Win32.Build.0 = Debug|Win32
		{76FF4497-9C9D-4419-B210-2C1F3EC4E44A}.Release|Win32.ActiveCfg = Release|Win32
		{76FF4497-9C9D-4419-B210-2C1F3EC4E44A}.Release|Win32.Build.0 = Release|Win32
		{F410948F-1D2B-4CF6-ADA0-B7151D8172C7}.Debug|Win32.ActiveCfg = Debug|Win32
		{F410948F-1D2B-4CF6-ADA0-B7151D8172C7}.Debug|Win32.Build.0 = Debug|Win32
		{F410948F-1D2B-4CF6-ADA0-B7151D8172C7}.Release|Win32.ActiveCfg = Release|Win32
		{F410948F-1D2B-4CF6-ADA0-B7151D8172C7}.Release|Win32.Build.0 = Release|Win32
		{E2473F0B-6C13-4F87-B322-FC7A1A09382A}.Debug|Win32.ActiveCfg = Debug|Win32
		{E2473F0B-6C13-4F87-B322-FC7A1A09382A}.Debug|Win32.Build.0 = Debug|Win32
		{E2473F0B-6C13-4F87-B322-FC7A1A09382A}.Release|Win32.ActiveCfg = Release|Win32
		{E2473F0B-6C13-4F87-B322-FC7A1A09382A}.Release|Win32.Build.0 = Release|Win32
		{23CFEDF4-0792-40AF-9F39-BE47713725C2}.Debug|Win32.ActiveCfg = Debug|Win32
		{23CFEDF4-0792-40AF-9F39-BE47713725C2}.Debug|Win32.Build.0 = Debug|Win32
		{23CFEDF4-0792-40AF-9F39-BE47713725C2}.Release|Win32.ActiveCfg = Release|Win32
		{23CFEDF4-0792-40AF-9F39-BE47713725C2}.Release|Win32.Build.0 = Release|Win32
	EndGlobalSection
	GlobalSection(SolutionProperties) = preSolution
		HideSolutionNode = FALSE
	EndGlobalSection
	GlobalSection(NestedProjects) = preSolution
		{591126DD-201E-4CB2-B02F-7F366562BCAD} = {F20E6803-65B5-4F3A-AA27-2681DBA9B16E}
		{304ACCF5-72DF-4463-909D-3C6774FB950C} = {F20E6803-65B5-4F3A-AA27-2681DBA9B16E}
		{F0932AB2-B424-41EA-B814-45594B5D9E44} = {F20E6803-65B5-4F3A-AA27-2681DBA9B16E}
		{1C31EF6C-9678-4750-ACE6-4CDCF6485A7A} = {F20E6803-65B5-4F3A-AA27-2681DBA9B16E}
		{DAEE6686-2FE3-47FC-8676-0F3A32DCFFB2} = {F20E6803-65B5-4F3A-AA27-2681DBA9B16E}
		{C07193AD-ACC4-4E2B-ADE7-11DEC7B693EC} = {7643EB74-A7A1-443B-8E9E-7F97CEC43BDD}
		{63EBBBB8-02BB-4E38-A61E-999C0AD1A1A2} = {7643EB74-A7A1-443B-8E9E-7F97CEC43BDD}
		{7A1C30EF-105E-4CDC-9526-7EAA5490C3B7} = {7643EB74-A7A1-443B-8E9E-7F97CEC43BDD}
		{AC99AA25-EB38-459D-882B-66367A7F032C} = {7643EB74-A7A1-443B-8E9E-7F97CEC43BDD}
		{972864EF-498B-4248-AF06-87A1F9820733} = {7643EB74-A7A1-443B-8E9E-7F97CEC43BDD}
		{44E500A3-18D0-45D1-9585-ACB2F9AC46C0} = {7643EB74-A7A1-443B-8E9E-7F97CEC43BDD}
		{69FCE163-307A-42CB-B62F-EA7716D5E1B1} = {7643EB74-A7A1-443B-8E9E-7F97CEC43BDD}
		{4FCA2757-0508-405D-8AD6-0DB30D445F43} = {F2D90747-A8D6-41FE-A3ED-04AF8DBB7051}
		{F3F42D1B-3336-4EA5-9328-7DDE61BDECB6} = {F2D90747-A8D6-41FE-A3ED-04AF8DBB7051}
		{76FF4497-9C9D-4419-B210-2C1F3EC4E44A} = {F2D90747-A8D6-41FE-A3ED-04AF8DBB7051}
		{E2473F0B-6C13-4F87-B322-FC7A1A09382A} = {F2D90747-A8D6-41FE-A3ED-04AF8DBB7051}
		{23CFEDF4-0792-40AF-9F39-BE47713725C2} = {F2D90747-A8D6-41FE-A3ED-04AF8DBB7051}
		{F410948F-1D2B-4CF6-ADA0-B7151D8172C7} = {5F76A1CD-5A8B-46ED-B199-27DBD2905005}
	EndGlobalSection
EndGlobal
